
Microsoft Visual Studio Solution File, Format Version 12.00
# Visual Studio Version 18
VisualStudioVersion = 18.6.11822.322
MinimumVisualStudioVersion = 10.0.40219.1
Project("{FAE04EC0-301F-11D3-BF4B-00C04F79EFBC}") = "Mvec.BuildingBlocks", "src\BuildingBlocks\Mvec.BuildingBlocks\Mvec.BuildingBlocks.csproj", "{DF249645-CCEE-422C-9375-9124281F4E54}"
EndProject
Project("{FAE04EC0-301F-11D3-BF4B-00C04F79EFBC}") = "Mvec.Contracts", "src\BuildingBlocks\Mvec.Contracts\Mvec.Contracts.csproj", "{2CF3CA48-E501-4E1C-8E36-280A95F6C7CD}"
EndProject
Project("{FAE04EC0-301F-11D3-BF4B-00C04F79EFBC}") = "Mvec.Gateway", "src\Gateway\Mvec.Gateway\Mvec.Gateway.csproj", "{F6F6E9AB-77FB-4F7E-A1B9-50F93A3FD571}"
EndProject
Project("{FAE04EC0-301F-11D3-BF4B-00C04F79EFBC}") = "Mvec.Analytics.Api", "src\Services\Analytics\Mvec.Analytics.Api\Mvec.Analytics.Api.csproj", "{DAA55337-2BEC-40AF-B449-94A9A6101E36}"
EndProject
Project("{FAE04EC0-301F-11D3-BF4B-00C04F79EFBC}") = "Mvec.Identity.Api", "src\Services\Identity\Mvec.Identity.Api\Mvec.Identity.Api.csproj", "{CCCA36B1-F08E-4CF4-9039-86C3DD80AC07}"
EndProject
Project("{FAE04EC0-301F-11D3-BF4B-00C04F79EFBC}") = "Mvec.Notification.Api", "src\Services\Notification\Mvec.Notification.Api\Mvec.Notification.Api.csproj", "{0CDCF277-9692-48CB-B11A-61E8ACED7E99}"
EndProject
Project("{FAE04EC0-301F-11D3-BF4B-00C04F79EFBC}") = "Mvec.Order.Api", "src\Services\Order\Mvec.Order.Api\Mvec.Order.Api.csproj", "{0A4F6E0F-A1DE-47BC-8B40-90535C2487AD}"
EndProject
Project("{FAE04EC0-301F-11D3-BF4B-00C04F79EFBC}") = "Mvec.Payment.Api", "src\Services\Payment\Mvec.Payment.Api\Mvec.Payment.Api.csproj", "{40A7CECC-97F1-412A-ACCD-EDF55FF3F643}"
EndProject
Project("{FAE04EC0-301F-11D3-BF4B-00C04F79EFBC}") = "Mvec.Product.Api", "src\Services\Product\Mvec.Product.Api\Mvec.Product.Api.csproj", "{CE31A459-01C7-4726-B0E1-8AF167D79239}"
EndProject
Project("{FAE04EC0-301F-11D3-BF4B-00C04F79EFBC}") = "Mvec.Review.Api", "src\Services\Review\Mvec.Review.Api\Mvec.Review.Api.csproj", "{C17A45D5-8A81-47B8-8DF3-DF634837F54E}"
EndProject
Project("{FAE04EC0-301F-11D3-BF4B-00C04F79EFBC}") = "Mvec.Vendor.Api", "src\Services\Vendor\Mvec.Vendor.Api\Mvec.Vendor.Api.csproj", "{5A85ABE3-8954-4D8C-869C-722E1BA4AC0B}"
EndProject
Project("{FAE04EC0-301F-11D3-BF4B-00C04F79EFBC}") = "Mvec.Identity.Tests", "tests\Mvec.Identity.Tests\Mvec.Identity.Tests.csproj", "{4EE0DD1A-9096-4D59-8028-BC03A2FD27E4}"
EndProject
Project("{2150E333-8FDC-42A3-9474-1A3956D46DE8}") = "tests", "tests", "{0AB3BF05-4346-4AA6-1389-037BE0695223}"
EndProject
Project("{FAE04EC0-301F-11D3-BF4B-00C04F79EFBC}") = "Mvec.Vendor.Tests", "tests\Mvec.Vendor.Tests\Mvec.Vendor.Tests.csproj", "{4551A140-273A-4A74-AF21-FCCC572E5346}"
EndProject
Project("{2150E333-8FDC-42A3-9474-1A3956D46DE8}") = "src", "src", "{827E0CD3-B72D-47B6-A68D-7590B98EB39B}"
EndProject
Project("{2150E333-8FDC-42A3-9474-1A3956D46DE8}") = "Services", "Services", "{984BB9B3-3FA3-BE33-9484-CAC21695A33C}"
EndProject
Project("{2150E333-8FDC-42A3-9474-1A3956D46DE8}") = "Vendor", "Vendor", "{BD835AB3-1A68-E53B-74AF-FA117AE72A5D}"
EndProject
Global
	GlobalSection(SolutionConfigurationPlatforms) = preSolution
		Debug|Any CPU = Debug|Any CPU
		Debug|x64 = Debug|x64
		Debug|x86 = Debug|x86
		Release|Any CPU = Release|Any CPU
		Release|x64 = Release|x64
		Release|x86 = Release|x86
	EndGlobalSection
	GlobalSection(ProjectConfigurationPlatforms) = postSolution
		{DF249645-CCEE-422C-9375-9124281F4E54}.Debug|Any CPU.ActiveCfg = Debug|Any CPU
		{DF249645-CCEE-422C-9375-9124281F4E54}.Debug|Any CPU.Build.0 = Debug|Any CPU
		{DF249645-CCEE-422C-9375-9124281F4E54}.Debug|x64.ActiveCfg = Debug|Any CPU
		{DF249645-CCEE-422C-9375-9124281F4E54}.Debug|x64.Build.0 = Debug|Any CPU
		{DF249645-CCEE-422C-9375-9124281F4E54}.Debug|x86.ActiveCfg = Debug|Any CPU
		{DF249645-CCEE-422C-9375-9124281F4E54}.Debug|x86.Build.0 = Debug|Any CPU
		{DF249645-CCEE-422C-9375-9124281F4E54}.Release|Any CPU.ActiveCfg = Release|Any CPU
		{DF249645-CCEE-422C-9375-9124281F4E54}.Release|Any CPU.Build.0 = Release|Any CPU
		{DF249645-CCEE-422C-9375-9124281F4E54}.Release|x64.ActiveCfg = Release|Any CPU
		{DF249645-CCEE-422C-9375-9124281F4E54}.Release|x64.Build.0 = Release|Any CPU
		{DF249645-CCEE-422C-9375-9124281F4E54}.Release|x86.ActiveCfg = Release|Any CPU
		{DF249645-CCEE-422C-9375-9124281F4E54}.Release|x86.Build.0 = Release|Any CPU
		{2CF3CA48-E501-4E1C-8E36-280A95F6C7CD}.Debug|Any CPU.ActiveCfg = Debug|Any CPU
		{2CF3CA48-E501-4E1C-8E36-280A95F6C7CD}.Debug|Any CPU.Build.0 = Debug|Any CPU
		{2CF3CA48-E501-4E1C-8E36-280A95F6C7CD}.Debug|x64.ActiveCfg = Debug|Any CPU
		{2CF3CA48-E501-4E1C-8E36-280A95F6C7CD}.Debug|x64.Build.0 = Debug|Any CPU
		{2CF3CA48-E501-4E1C-8E36-280A95F6C7CD}.Debug|x86.ActiveCfg = Debug|Any CPU
		{2CF3CA48-E501-4E1C-8E36-280A95F6C7CD}.Debug|x86.Build.0 = Debug|Any CPU
		{2CF3CA48-E501-4E1C-8E36-280A95F6C7CD}.Release|Any CPU.ActiveCfg = Release|Any CPU
		{2CF3CA48-E501-4E1C-8E36-280A95F6C7CD}.Release|Any CPU.Build.0 = Release|Any CPU
		{2CF3CA48-E501-4E1C-8E36-280A95F6C7CD}.Release|x64.ActiveCfg = Release|Any CPU
		{2CF3CA48-E501-4E1C-8E36-280A95F6C7CD}.Release|x64.Build.0 = Release|Any CPU
		{2CF3CA48-E501-4E1C-8E36-280A95F6C7CD}.Release|x86.ActiveCfg = Release|Any CPU
		{2CF3CA48-E501-4E1C-8E36-280A95F6C7CD}.Release|x86.Build.0 = Release|Any CPU
		{F6F6E9AB-77FB-4F7E-A1B9-50F93A3FD571}.Debug|Any CPU.ActiveCfg = Debug|Any CPU
		{F6F6E9AB-77FB-4F7E-A1B9-50F93A3FD571}.Debug|Any CPU.Build.0 = Debug|Any CPU
		{F6F6E9AB-77FB-4F7E-A1B9-50F93A3FD571}.Debug|x64.ActiveCfg = Debug|Any CPU
		{F6F6E9AB-77FB-4F7E-A1B9-50F93A3FD571}.Debug|x64.Build.0 = Debug|Any CPU
		{F6F6E9AB-77FB-4F7E-A1B9-50F93A3FD571}.Debug|x86.ActiveCfg = Debug|Any CPU
		{F6F6E9AB-77FB-4F7E-A1B9-50F93A3FD571}.Debug|x86.Build.0 = Debug|Any CPU
		{F6F6E9AB-77FB-4F7E-A1B9-50F93A3FD571}.Release|Any CPU.ActiveCfg = Release|Any CPU
		{F6F6E9AB-77FB-4F7E-A1B9-50F93A3FD571}.Release|Any CPU.Build.0 = Release|Any CPU
		{F6F6E9AB-77FB-4F7E-A1B9-50F93A3FD571}.Release|x64.ActiveCfg = Release|Any CPU
		{F6F6E9AB-77FB-4F7E-A1B9-50F93A3FD571}.Release|x64.Build.0 = Release|Any CPU
		{F6F6E9AB-77FB-4F7E-A1B9-50F93A3FD571}.Release|x86.ActiveCfg = Release|Any CPU
		{F6F6E9AB-77FB-4F7E-A1B9-50F93A3FD571}.Release|x86.Build.0 = Release|Any CPU
		{DAA55337-2BEC-40AF-B449-94A9A6101E36}.Debug|Any CPU.ActiveCfg = Debug|Any CPU
		{DAA55337-2BEC-40AF-B449-94A9A6101E36}.Debug|Any CPU.Build.0 = Debug|Any CPU
		{DAA55337-2BEC-40AF-B449-94A9A6101E36}.Debug|x64.ActiveCfg = Debug|Any CPU
		{DAA55337-2BEC-40AF-B449-94A9A6101E36}.Debug|x64.Build.0 = Debug|Any CPU
		{DAA55337-2BEC-40AF-B449-94A9A6101E36}.Debug|x86.ActiveCfg = Debug|Any CPU
		{DAA55337-2BEC-40AF-B449-94A9A6101E36}.Debug|x86.Build.0 = Debug|Any CPU
		{DAA55337-2BEC-40AF-B449-94A9A6101E36}.Release|Any CPU.ActiveCfg = Release|Any CPU
		{DAA55337-2BEC-40AF-B449-94A9A6101E36}.Release|Any CPU.Build.0 = Release|Any CPU
		{DAA55337-2BEC-40AF-B449-94A9A6101E36}.Release|x64.ActiveCfg = Release|Any CPU
		{DAA55337-2BEC-40AF-B449-94A9A6101E36}.Release|x64.Build.0 = Release|Any CPU
		{DAA55337-2BEC-40AF-B449-94A9A6101E36}.Release|x86.ActiveCfg = Release|Any CPU
		{DAA55337-2BEC-40AF-B449-94A9A6101E36}.Release|x86.Build.0 = Release|Any CPU
		{CCCA36B1-F08E-4CF4-9039-86C3DD80AC07}.Debug|Any CPU.ActiveCfg = Debug|Any CPU
		{CCCA36B1-F08E-4CF4-9039-86C3DD80AC07}.Debug|Any CPU.Build.0 = Debug|Any CPU
		{CCCA36B1-F08E-4CF4-9039-86C3DD80AC07}.Debug|x64.ActiveCfg = Debug|Any CPU
		{CCCA36B1-F08E-4CF4-9039-86C3DD80AC07}.Debug|x64.Build.0 = Debug|Any CPU
		{CCCA36B1-F08E-4CF4-9039-86C3DD80AC07}.Debug|x86.ActiveCfg = Debug|Any CPU
		{CCCA36B1-F08E-4CF4-9039-86C3DD80AC07}.Debug|x86.Build.0 = Debug|Any CPU
		{CCCA36B1-F08E-4CF4-9039-86C3DD80AC07}.Release|Any CPU.ActiveCfg = Release|Any CPU
		{CCCA36B1-F08E-4CF4-9039-86C3DD80AC07}.Release|Any CPU.Build.0 = Release|Any CPU
		{CCCA36B1-F08E-4CF4-9039-86C3DD80AC07}.Release|x64.ActiveCfg = Release|Any CPU
		{CCCA36B1-F08E-4CF4-9039-86C3DD80AC07}.Release|x64.Build.0 = Release|Any CPU
		{CCCA36B1-F08E-4CF4-9039-86C3DD80AC07}.Release|x86.ActiveCfg = Release|Any CPU
		{CCCA36B1-F08E-4CF4-9039-86C3DD80AC07}.Release|x86.Build.0 = Release|Any CPU
		{0CDCF277-9692-48CB-B11A-61E8ACED7E99}.Debug|Any CPU.ActiveCfg = Debug|Any CPU
		{0CDCF277-9692-48CB-B11A-61E8ACED7E99}.Debug|Any CPU.Build.0 = Debug|Any CPU
		{0CDCF277-9692-48CB-B11A-61E8ACED7E99}.Debug|x64.ActiveCfg = Debug|Any CPU
		{0CDCF277-9692-48CB-B11A-61E8ACED7E99}.Debug|x64.Build.0 = Debug|Any CPU
		{0CDCF277-9692-48CB-B11A-61E8ACED7E99}.Debug|x86.ActiveCfg = Debug|Any CPU
		{0CDCF277-9692-48CB-B11A-61E8ACED7E99}.Debug|x86.Build.0 = Debug|Any CPU
		{0CDCF277-9692-48CB-B11A-61E8ACED7E99}.Release|Any CPU.ActiveCfg = Release|Any CPU
		{0CDCF277-9692-48CB-B11A-61E8ACED7E99}.Release|Any CPU.Build.0 = Release|Any CPU
		{0CDCF277-9692-48CB-B11A-61E8ACED7E99}.Release|x64.ActiveCfg = Release|Any CPU
		{0CDCF277-9692-48CB-B11A-61E8ACED7E99}.Release|x64.Build.0 = Release|Any CPU
		{0CDCF277-9692-48CB-B11A-61E8ACED7E99}.Release|x86.ActiveCfg = Release|Any CPU
		{0CDCF277-9692-48CB-B11A-61E8ACED7E99}.Release|x86.Build.0 = Release|Any CPU
		{0A4F6E0F-A1DE-47BC-8B40-90535C2487AD}.Debug|Any CPU.ActiveCfg = Debug|Any CPU
		{0A4F6E0F-A1DE-47BC-8B40-90535C2487AD}.Debug|Any CPU.Build.0 = Debug|Any CPU
		{0A4F6E0F-A1DE-47BC-8B40-90535C2487AD}.Debug|x64.ActiveCfg = Debug|Any CPU
		{0A4F6E0F-A1DE-47BC-8B40-90535C2487AD}.Debug|x64.Build.0 = Debug|Any CPU
		{0A4F6E0F-A1DE-47BC-8B40-90535C2487AD}.Debug|x86.ActiveCfg = Debug|Any CPU
		{0A4F6E0F-A1DE-47BC-8B40-90535C2487AD}.Debug|x86.Build.0 = Debug|Any CPU
		{0A4F6E0F-A1DE-47BC-8B40-90535C2487AD}.Release|Any CPU.ActiveCfg = Release|Any CPU
		{0A4F6E0F-A1DE-47BC-8B40-90535C2487AD}.Release|Any CPU.Build.0 = Release|Any CPU
		{0A4F6E0F-A1DE-47BC-8B40-90535C2487AD}.Release|x64.ActiveCfg = Release|Any CPU
		{0A4F6E0F-A1DE-47BC-8B40-90535C2487AD}.Release|x64.Build.0 = Release|Any CPU
		{0A4F6E0F-A1DE-47BC-8B40-90535C2487AD}.Release|x86.ActiveCfg = Release|Any CPU
		{0A4F6E0F-A1DE-47BC-8B40-90535C2487AD}.Release|x86.Build.0 = Release|Any CPU
		{40A7CECC-97F1-412A-ACCD-EDF55FF3F643}.Debug|Any CPU.ActiveCfg = Debug|Any CPU
		{40A7CECC-97F1-412A-ACCD-EDF55FF3F643}.Debug|Any CPU.Build.0 = Debug|Any CPU
		{40A7CECC-97F1-412A-ACCD-EDF55FF3F643}.Debug|x64.ActiveCfg = Debug|Any CPU
		{40A7CECC-97F1-412A-ACCD-EDF55FF3F643}.Debug|x64.Build.0 = Debug|Any CPU
		{40A7CECC-97F1-412A-ACCD-EDF55FF3F643}.Debug|x86.ActiveCfg = Debug|Any CPU
		{40A7CECC-97F1-412A-ACCD-EDF55FF3F643}.Debug|x86.Build.0 = Debug|Any CPU
		{40A7CECC-97F1-412A-ACCD-EDF55FF3F643}.Release|Any CPU.ActiveCfg = Release|Any CPU
		{40A7CECC-97F1-412A-ACCD-EDF55FF3F643}.Release|Any CPU.Build.0 = Release|Any CPU
		{40A7CECC-97F1-412A-ACCD-EDF55FF3F643}.Release|x64.ActiveCfg = Release|Any CPU
		{40A7CECC-97F1-412A-ACCD-EDF55FF3F643}.Release|x64.Build.0 = Release|Any CPU
		{40A7CECC-97F1-412A-ACCD-EDF55FF3F643}.Release|x86.ActiveCfg = Release|Any CPU
		{40A7CECC-97F1-412A-ACCD-EDF55FF3F643}.Release|x86.Build.0 = Release|Any CPU
		{CE31A459-01C7-4726-B0E1-8AF167D79239}.Debug|Any CPU.ActiveCfg = Debug|Any CPU
		{CE31A459-01C7-4726-B0E1-8AF167D79239}.Debug|Any CPU.Build.0 = Debug|Any CPU
		{CE31A459-01C7-4726-B0E1-8AF167D79239}.Debug|x64.ActiveCfg = Debug|Any CPU
		{CE31A459-01C7-4726-B0E1-8AF167D79239}.Debug|x64.Build.0 = Debug|Any CPU
		{CE31A459-01C7-4726-B0E1-8AF167D79239}.Debug|x86.ActiveCfg = Debug|Any CPU
		{CE31A459-01C7-4726-B0E1-8AF167D79239}.Debug|x86.Build.0 = Debug|Any CPU
		{CE31A459-01C7-4726-B0E1-8AF167D79239}.Release|Any CPU.ActiveCfg = Release|Any CPU
		{CE31A459-01C7-4726-B0E1-8AF167D79239}.Release|Any CPU.Build.0 = Release|Any CPU
		{CE31A459-01C7-4726-B0E1-8AF167D79239}.Release|x64.ActiveCfg = Release|Any CPU
		{CE31A459-01C7-4726-B0E1-8AF167D79239}.Release|x64.Build.0 = Release|Any CPU
		{CE31A459-01C7-4726-B0E1-8AF167D79239}.Release|x86.ActiveCfg = Release|Any CPU
		{CE31A459-01C7-4726-B0E1-8AF167D79239}.Release|x86.Build.0 = Release|Any CPU
		{C17A45D5-8A81-47B8-8DF3-DF634837F54E}.Debug|Any CPU.ActiveCfg = Debug|Any CPU
		{C17A45D5-8A81-47B8-8DF3-DF634837F54E}.Debug|Any CPU.Build.0 = Debug|Any CPU
		{C17A45D5-8A81-47B8-8DF3-DF634837F54E}.Debug|x64.ActiveCfg = Debug|Any CPU
		{C17A45D5-8A81-47B8-8DF3-DF634837F54E}.Debug|x64.Build.0 = Debug|Any CPU
		{C17A45D5-8A81-47B8-8DF3-DF634837F54E}.Debug|x86.ActiveCfg = Debug|Any CPU
		{C17A45D5-8A81-47B8-8DF3-DF634837F54E}.Debug|x86.Build.0 = Debug|Any CPU
		{C17A45D5-8A81-47B8-8DF3-DF634837F54E}.Release|Any CPU.ActiveCfg = Release|Any CPU
		{C17A45D5-8A81-47B8-8DF3-DF634837F54E}.Release|Any CPU.Build.0 = Release|Any CPU
		{C17A45D5-8A81-47B8-8DF3-DF634837F54E}.Release|x64.ActiveCfg = Release|Any CPU
		{C17A45D5-8A81-47B8-8DF3-DF634837F54E}.Release|x64.Build.0 = Release|Any CPU
		{C17A45D5-8A81-47B8-8DF3-DF634837F54E}.Release|x86.ActiveCfg = Release|Any CPU
		{C17A45D5-8A81-47B8-8DF3-DF634837F54E}.Release|x86.Build.0 = Release|Any CPU
		{5A85ABE3-8954-4D8C-869C-722E1BA4AC0B}.Debug|Any CPU.ActiveCfg = Debug|Any CPU
		{5A85ABE3-8954-4D8C-869C-722E1BA4AC0B}.Debug|Any CPU.Build.0 = Debug|Any CPU
		{5A85ABE3-8954-4D8C-869C-722E1BA4AC0B}.Debug|x64.ActiveCfg = Debug|Any CPU
		{5A85ABE3-8954-4D8C-869C-722E1BA4AC0B}.Debug|x64.Build.0 = Debug|Any CPU
		{5A85ABE3-8954-4D8C-869C-722E1BA4AC0B}.Debug|x86.ActiveCfg = Debug|Any CPU
		{5A85ABE3-8954-4D8C-869C-722E1BA4AC0B}.Debug|x86.Build.0 = Debug|Any CPU
		{5A85ABE3-8954-4D8C-869C-722E1BA4AC0B}.Release|Any CPU.ActiveCfg = Release|Any CPU
		{5A85ABE3-8954-4D8C-869C-722E1BA4AC0B}.Release|Any CPU.Build.0 = Release|Any CPU
		{5A85ABE3-8954-4D8C-869C-722E1BA4AC0B}.Release|x64.ActiveCfg = Release|Any CPU
		{5A85ABE3-8954-4D8C-869C-722E1BA4AC0B}.Release|x64.Build.0 = Release|Any CPU
		{5A85ABE3-8954-4D8C-869C-722E1BA4AC0B}.Release|x86.ActiveCfg = Release|Any CPU
		{5A85ABE3-8954-4D8C-869C-722E1BA4AC0B}.Release|x86.Build.0 = Release|Any CPU
		{4EE0DD1A-9096-4D59-8028-BC03A2FD27E4}.Debug|Any CPU.ActiveCfg = Debug|Any CPU
		{4EE0DD1A-9096-4D59-8028-BC03A2FD27E4}.Debug|Any CPU.Build.0 = Debug|Any CPU
		{4EE0DD1A-9096-4D59-8028-BC03A2FD27E4}.Debug|x64.ActiveCfg = Debug|Any CPU
		{4EE0DD1A-9096-4D59-8028-BC03A2FD27E4}.Debug|x64.Build.0 = Debug|Any CPU
		{4EE0DD1A-9096-4D59-8028-BC03A2FD27E4}.Debug|x86.ActiveCfg = Debug|Any CPU
		{4EE0DD1A-9096-4D59-8028-BC03A2FD27E4}.Debug|x86.Build.0 = Debug|Any CPU
		{4EE0DD1A-9096-4D59-8028-BC03A2FD27E4}.Release|Any CPU.ActiveCfg = Release|Any CPU
		{4EE0DD1A-9096-4D59-8028-BC03A2FD27E4}.Release|Any CPU.Build.0 = Release|Any CPU
		{4EE0DD1A-9096-4D59-8028-BC03A2FD27E4}.Release|x64.ActiveCfg = Release|Any CPU
		{4EE0DD1A-9096-4D59-8028-BC03A2FD27E4}.Release|x64.Build.0 = Release|Any CPU
		{4EE0DD1A-9096-4D59-8028-BC03A2FD27E4}.Release|x86.ActiveCfg = Release|Any CPU
		{4EE0DD1A-9096-4D59-8028-BC03A2FD27E4}.Release|x86.Build.0 = Release|Any CPU
		{4551A140-273A-4A74-AF21-FCCC572E5346}.Debug|Any CPU.ActiveCfg = Debug|Any CPU
		{4551A140-273A-4A74-AF21-FCCC572E5346}.Debug|Any CPU.Build.0 = Debug|Any CPU
		{4551A140-273A-4A74-AF21-FCCC572E5346}.Debug|x64.ActiveCfg = Debug|Any CPU
		{4551A140-273A-4A74-AF21-FCCC572E5346}.Debug|x64.Build.0 = Debug|Any CPU
		{4551A140-273A-4A74-AF21-FCCC572E5346}.Debug|x86.ActiveCfg = Debug|Any CPU
		{4551A140-273A-4A74-AF21-FCCC572E5346}.Debug|x86.Build.0 = Debug|Any CPU
		{4551A140-273A-4A74-AF21-FCCC572E5346}.Release|Any CPU.ActiveCfg = Release|Any CPU
		{4551A140-273A-4A74-AF21-FCCC572E5346}.Release|Any CPU.Build.0 = Release|Any CPU
		{4551A140-273A-4A74-AF21-FCCC572E5346}.Release|x64.ActiveCfg = Release|Any CPU
		{4551A140-273A-4A74-AF21-FCCC572E5346}.Release|x64.Build.0 = Release|Any CPU
		{4551A140-273A-4A74-AF21-FCCC572E5346}.Release|x86.ActiveCfg = Release|Any CPU
		{4551A140-273A-4A74-AF21-FCCC572E5346}.Release|x86.Build.0 = Release|Any CPU
	EndGlobalSection
	GlobalSection(SolutionProperties) = preSolution
		HideSolutionNode = FALSE
	EndGlobalSection
	GlobalSection(NestedProjects) = preSolution
		{4551A140-273A-4A74-AF21-FCCC572E5346} = {0AB3BF05-4346-4AA6-1389-037BE0695223}
		{984BB9B3-3FA3-BE33-9484-CAC21695A33C} = {827E0CD3-B72D-47B6-A68D-7590B98EB39B}
		{BD835AB3-1A68-E53B-74AF-FA117AE72A5D} = {984BB9B3-3FA3-BE33-9484-CAC21695A33C}
	EndGlobalSection
	GlobalSection(ExtensibilityGlobals) = postSolution
		SolutionGuid = {F64AF8DE-AAEA-4298-BB4F-FEEF729B5809}
	EndGlobalSection
EndGlobal
